
Microsoft Visual Studio Solution File, Format Version 12.00
# Visual Studio Version 17
VisualStudioVersion = 17.2.32526.322
MinimumVisualStudioVersion = 10.0.40219.1
Project("{9A19103F-16F7-4668-BE54-9A1E7A4F7556}") = "Saml", "Saml\Saml.csproj", "{BD69051A-53C5-4C10-96C2-87F4E3AE5BE7}"
EndProject
Global
	GlobalSection(SolutionConfigurationPlatforms) = preSolution
		Debug|Any CPU = Debug|Any CPU
		Release|Any CPU = Release|Any CPU
	EndGlobalSection
	GlobalSection(ProjectConfigurationPlatforms) = postSolution
		{BD69051A-53C5-4C10-96C2-87F4E3AE5BE7}.Debug|Any CPU.ActiveCfg = Debug|Any CPU
		{BD69051A-53C5-4C10-96C2-87F4E3AE5BE7}.Debug|Any CPU.Build.0 = Debug|Any CPU
		{BD69051A-53C5-4C10-96C2-87F4E3AE5BE7}.Release|Any CPU.ActiveCfg = Release|Any CPU
		{BD69051A-53C5-4C10-96C2-87F4E3AE5BE7}.Release|Any CPU.Build.0 = Release|Any CPU
	EndGlobalSection
	GlobalSection(SolutionProperties) = preSolution
		HideSolutionNode = FALSE
	EndGlobalSection
	GlobalSection(ExtensibilityGlobals) = postSolution
		SolutionGuid = {A2A0A602-49EC-498A-AE0D-3FAB0B5390AF}
	EndGlobalSection
EndGlobal
